
Microsoft Visual Studio Solution File, Format Version 12.00
# Visual Studio Version 16
VisualStudioVersion = 16.0.28803.352
MinimumVisualStudioVersion = 10.0.40219.1
Project("{FAE04EC0-301F-11D3-BF4B-00C04F79EFBC}") = "TypingLabelWpf", "TypingLabelWpf\TypingLabelWpf.csproj", "{80F6B988-01CC-4323-9233-7C45EFBC8FBE}"
EndProject
Project("{FAE04EC0-301F-11D3-BF4B-00C04F79EFBC}") = "Example", "Example\Example.csproj", "{7D7A17D7-650E-4B9D-9317-9053765142B3}"
EndProject
Global
	GlobalSection(SolutionConfigurationPlatforms) = preSolution
		Debug|Any CPU = Debug|Any CPU
		Release|Any CPU = Release|Any CPU
	EndGlobalSection
	GlobalSection(ProjectConfigurationPlatforms) = postSolution
		{80F6B988-01CC-4323-9233-7C45EFBC8FBE}.Debug|Any CPU.ActiveCfg = Debug|Any CPU
		{80F6B988-01CC-4323-9233-7C45EFBC8FBE}.Debug|Any CPU.Build.0 = Debug|Any CPU
		{80F6B988-01CC-4323-9233-7C45EFBC8FBE}.Release|Any CPU.ActiveCfg = Release|Any CPU
		{80F6B988-01CC-4323-9233-7C45EFBC8FBE}.Release|Any CPU.Build.0 = Release|Any CPU
		{7D7A17D7-650E-4B9D-9317-9053765142B3}.Debug|Any CPU.ActiveCfg = Debug|Any CPU
		{7D7A17D7-650E-4B9D-9317-9053765142B3}.Debug|Any CPU.Build.0 = Debug|Any CPU
		{7D7A17D7-650E-4B9D-9317-9053765142B3}.Release|Any CPU.ActiveCfg = Release|Any CPU
		{7D7A17D7-650E-4B9D-9317-9053765142B3}.Release|Any CPU.Build.0 = Release|Any CPU
	EndGlobalSection
	GlobalSection(SolutionProperties) = preSolution
		HideSolutionNode = FALSE
	EndGlobalSection
	GlobalSection(ExtensibilityGlobals) = postSolution
		SolutionGuid = {33D96FBD-6C69-4108-B745-965C7A3BB6E3}
	EndGlobalSection
EndGlobal
